
Microsoft Visual Studio Solution File, Format Version 12.00
# Visual Studio 15
VisualStudioVersion = 15.0.28307.106
MinimumVisualStudioVersion = 10.0.40219.1
Project("{888888A0-9F3D-457C-B088-3A5042F75D52}") = "robot", "robot.pyproj", "{9F67B177-A361-484B-A4F3-E97D5246CB3A}"
EndProject
Global
	GlobalSection(SolutionConfigurationPlatforms) = preSolution
		Debug|Any CPU = Debug|Any CPU
		Release|Any CPU = Release|Any CPU
	EndGlobalSection
	GlobalSection(ProjectConfigurationPlatforms) = postSolution
		{9F67B177-A361-484B-A4F3-E97D5246CB3A}.Debug|Any CPU.ActiveCfg = Debug|Any CPU
		{9F67B177-A361-484B-A4F3-E97D5246CB3A}.Release|Any CPU.ActiveCfg = Release|Any CPU
	EndGlobalSection
	GlobalSection(SolutionProperties) = preSolution
		HideSolutionNode = FALSE
	EndGlobalSection
	GlobalSection(ExtensibilityGlobals) = postSolution
		SolutionGuid = {A63E93E8-E052-47FB-BBEB-36D41DD445A9}
	EndGlobalSection
EndGlobal
